
Microsoft Visual Studio Solution File, Format Version 12.00
# Visual Studio Version 16
VisualStudioVersion = 16.0.30717.126
MinimumVisualStudioVersion = 10.0.40219.1
Project("{FAE04EC0-301F-11D3-BF4B-00C04F79EFBC}") = "TMS.Net07.Homework.DaysOfWeek", "TMS.Net07.Homework.DaysOfWeek.csproj", "{73727323-23E2-4D3A-B213-5374344DF1F8}"
EndProject
Global
	GlobalSection(SolutionConfigurationPlatforms) = preSolution
		Debug|Any CPU = Debug|Any CPU
		Release|Any CPU = Release|Any CPU
	EndGlobalSection
	GlobalSection(ProjectConfigurationPlatforms) = postSolution
		{73727323-23E2-4D3A-B213-5374344DF1F8}.Debug|Any CPU.ActiveCfg = Debug|Any CPU
		{73727323-23E2-4D3A-B213-5374344DF1F8}.Debug|Any CPU.Build.0 = Debug|Any CPU
		{73727323-23E2-4D3A-B213-5374344DF1F8}.Release|Any CPU.ActiveCfg = Release|Any CPU
		{73727323-23E2-4D3A-B213-5374344DF1F8}.Release|Any CPU.Build.0 = Release|Any CPU
	EndGlobalSection
	GlobalSection(SolutionProperties) = preSolution
		HideSolutionNode = FALSE
	EndGlobalSection
	GlobalSection(ExtensibilityGlobals) = postSolution
		SolutionGuid = {D4A14A15-2B59-46A3-B52A-33DB0E6B23DE}
	EndGlobalSection
EndGlobal
